
Microsoft Visual Studio Solution File, Format Version 12.00
# Visual Studio Version 16
VisualStudioVersion = 16.0.33927.289
MinimumVisualStudioVersion = 10.0.40219.1
Project("{FAE04EC0-301F-11D3-BF4B-00C04F79EFBC}") = "Tyuiu.VolovikovMV.Sprint3.Task0.V29", "Tyuiu.VolovikovMV.Sprint3.Task0.V29\Tyuiu.VolovikovMV.Sprint3.Task0.V29.csproj", "{4792C143-0CAC-44A2-8E38-C63AD409DF93}"
EndProject
Project("{FAE04EC0-301F-11D3-BF4B-00C04F79EFBC}") = "Tyuiu.VolovikovMV.Sprint3.Task0.V29.Lib", "Tyuiu.VolovikovMV.Sprint3.Task0.V29.Lib\Tyuiu.VolovikovMV.Sprint3.Task0.V29.Lib.csproj", "{FCDA9382-DF2F-4A9C-9B4C-46CD056536C1}"
EndProject
Project("{FAE04EC0-301F-11D3-BF4B-00C04F79EFBC}") = "Tyuiu.VolovikovMV.Sprint3.Task0.V29.Test", "Tyuiu.VolovikovMV.Sprint3.Task0.V29.Test\Tyuiu.VolovikovMV.Sprint3.Task0.V29.Test.csproj", "{A6B42A86-FD8E-477D-A83A-D062D74E4BD9}"
EndProject
Project("{2150E333-8FDC-42A3-9474-1A3956D46DE8}") = "Task0", "Task0", "{D86F69FB-822C-4559-8A03-8036F2319F5D}"
EndProject
Project("{2150E333-8FDC-42A3-9474-1A3956D46DE8}") = "Task1", "Task1", "{A1C176CD-A0BC-4975-A59D-A0DC00F48EA1}"
EndProject
Project("{FAE04EC0-301F-11D3-BF4B-00C04F79EFBC}") = "Tyuiu.VolovikovMV.Sprint3.Task1.V22", "Tyuiu.VolovikovMV.Sprint3.Task1.V22\Tyuiu.VolovikovMV.Sprint3.Task1.V22.csproj", "{DEC90403-E3CF-4E21-99F4-B433FA50E9BD}"
EndProject
Project("{FAE04EC0-301F-11D3-BF4B-00C04F79EFBC}") = "Tyuiu.VolovikovMV.Sprint3.Task1.V22.Lib", "Tyuiu.VolovikovMV.Sprint3.Task1.V22.Lib\Tyuiu.VolovikovMV.Sprint3.Task1.V22.Lib.csproj", "{18B4E993-6FE8-4683-8DCE-11DDFB4C4C41}"
EndProject
Project("{FAE04EC0-301F-11D3-BF4B-00C04F79EFBC}") = "Tyuiu.VolovikovMV.Sprint3.Task1.V22.Test", "Tyuiu.VolovikovMV.Sprint3.Task1.V22.Test\Tyuiu.VolovikovMV.Sprint3.Task1.V22.Test.csproj", "{CA7E69FB-F153-44C7-87E9-11F6F051A9AC}"
EndProject
Project("{2150E333-8FDC-42A3-9474-1A3956D46DE8}") = "Task2", "Task2", "{8A1B3F2C-C973-4B02-9ADA-E58E9C8B4C91}"
EndProject
Project("{FAE04EC0-301F-11D3-BF4B-00C04F79EFBC}") = "Tyuiu.VolovikovMV.Sprint3.Task2.V22", "Tyuiu.VolovikovMV.Sprint3.Task2.V22\Tyuiu.VolovikovMV.Sprint3.Task2.V22.csproj", "{ACDF6C46-FA15-413C-B3A1-3DEAF37529BD}"
EndProject
Project("{FAE04EC0-301F-11D3-BF4B-00C04F79EFBC}") = "Tyuiu.VolovikovMV.Sprint3.Task2.V22.Lib", "Tyuiu.VolovikovMV.Sprint3.Task2.V22.Lib\Tyuiu.VolovikovMV.Sprint3.Task2.V22.Lib.csproj", "{DFFB62B5-89B5-492D-9813-03EF7569D0A7}"
EndProject
Project("{FAE04EC0-301F-11D3-BF4B-00C04F79EFBC}") = "Tyuiu.VolovikovMV.Sprint3.Task2.V22.Test", "Tyuiu.VolovikovMV.Sprint3.Task2.V22.Test\Tyuiu.VolovikovMV.Sprint3.Task2.V22.Test.csproj", "{8D022C43-044F-4F84-B396-EFD5B800D74D}"
EndProject
Project("{2150E333-8FDC-42A3-9474-1A3956D46DE8}") = "Task3", "Task3", "{22AB31F9-25D7-4691-9482-D4568A9E5D33}"
EndProject
Project("{FAE04EC0-301F-11D3-BF4B-00C04F79EFBC}") = "Tyuiu.VolovikovMV.Sprint3.Task3.V4", "Tyuiu.VolovikovMV.Sprint3.Task3.V4\Tyuiu.VolovikovMV.Sprint3.Task3.V4.csproj", "{F1A93D87-1C6D-4472-8D03-3E3CB7D969EF}"
EndProject
Project("{FAE04EC0-301F-11D3-BF4B-00C04F79EFBC}") = "Tyuiu.VolovikovMV.Sprint3.Task3.V4.Lib", "Tyuiu.VolovikovMV.Sprint3.Task3.V4.Lib\Tyuiu.VolovikovMV.Sprint3.Task3.V4.Lib.csproj", "{F36F7850-5F53-4630-BB7F-B4669FF9C3F4}"
EndProject
Project("{FAE04EC0-301F-11D3-BF4B-00C04F79EFBC}") = "Tyuiu.VolovikovMV.Sprint3.Task3.V4.Test", "Tyuiu.VolovikovMV.Sprint3.Task3.V4.Test\Tyuiu.VolovikovMV.Sprint3.Task3.V4.Test.csproj", "{DBC0CA96-7BC9-4E57-BCEA-2DF35D0D72F5}"
EndProject
Project("{2150E333-8FDC-42A3-9474-1A3956D46DE8}") = "Task4", "Task4", "{4959C816-C0A7-4296-95BC-B0DAC1B718C1}"
EndProject
Project("{FAE04EC0-301F-11D3-BF4B-00C04F79EFBC}") = "Tyuiu.VolovikovMV.Sprint3.Task4.V19", "Tyuiu.VolovikovMV.Sprint3.Task4.V19\Tyuiu.VolovikovMV.Sprint3.Task4.V19.csproj", "{A0C36654-0BF0-47CB-99D5-99DB19052390}"
EndProject
Project("{FAE04EC0-301F-11D3-BF4B-00C04F79EFBC}") = "Tyuiu.VolovikovMV.Sprint3.Task4.V19.Lib", "Tyuiu.VolovikovMV.Sprint3.Task4.V19.Lib\Tyuiu.VolovikovMV.Sprint3.Task4.V19.Lib.csproj", "{DF0B7726-2123-4C74-8213-E4F3DB6B03C4}"
EndProject
Project("{FAE04EC0-301F-11D3-BF4B-00C04F79EFBC}") = "Tyuiu.VolovikovMV.Sprint3.Task4.V19.Test", "Tyuiu.VolovikovMV.Sprint3.Task4.V19.Test\Tyuiu.VolovikovMV.Sprint3.Task4.V19.Test.csproj", "{B89D2804-7236-4CA1-A338-5489749A3713}"
EndProject
Project("{2150E333-8FDC-42A3-9474-1A3956D46DE8}") = "Task5", "Task5", "{9651AF4D-1D3B-4E1A-A9ED-57397B8E9424}"
EndProject
Project("{FAE04EC0-301F-11D3-BF4B-00C04F79EFBC}") = "Tyuiu.VolovikovMV.Sprint3.Task5.V24", "Tyuiu.VolovikovMV.Sprint3.Task5.V24\Tyuiu.VolovikovMV.Sprint3.Task5.V24.csproj", "{0E74C074-E854-4F36-A088-B1BA89FD35ED}"
EndProject
Project("{FAE04EC0-301F-11D3-BF4B-00C04F79EFBC}") = "Tyuiu.VolovikovMV.Sprint3.Task5.V24.Lib", "Tyuiu.VolovikovMV.Sprint3.Task5.V24.Lib\Tyuiu.VolovikovMV.Sprint3.Task5.V24.Lib.csproj", "{6E7F94E5-F8B4-45C5-AB5D-169B2608BB06}"
EndProject
Project("{FAE04EC0-301F-11D3-BF4B-00C04F79EFBC}") = "Tyuiu.VolovikovMV.Sprint3.Task5.V24.Test", "Tyuiu.VolovikovMV.Sprint3.Task5.V24.Test\Tyuiu.VolovikovMV.Sprint3.Task5.V24.Test.csproj", "{7FB9C724-7445-47DD-89A0-36F41F158B99}"
EndProject
Project("{2150E333-8FDC-42A3-9474-1A3956D46DE8}") = "Task6", "Task6", "{D4F8AB5E-3122-4597-A6E6-2CC493077BA1}"
EndProject
Project("{FAE04EC0-301F-11D3-BF4B-00C04F79EFBC}") = "Tyuiu.VolovikovMV.Sprint3.Task6.V29", "Tyuiu.VolovikovMV.Sprint3.Task6.V29\Tyuiu.VolovikovMV.Sprint3.Task6.V29.csproj", "{0A8CCFF6-0CEE-4CD3-A595-E2066996AF88}"
EndProject
Project("{FAE04EC0-301F-11D3-BF4B-00C04F79EFBC}") = "Tyuiu.VolovikovMV.Sprint3.Task6.V29.Lib", "Tyuiu.VolovikovMV.Sprint3.Task6.V29.Lib\Tyuiu.VolovikovMV.Sprint3.Task6.V29.Lib.csproj", "{482E2AD2-859D-4642-B7F2-F074F4760959}"
EndProject
Project("{FAE04EC0-301F-11D3-BF4B-00C04F79EFBC}") = "Tyuiu.VolovikovMV.Sprint3.Task6.V29.Test", "Tyuiu.VolovikovMV.Sprint3.Task6.V29.Test\Tyuiu.VolovikovMV.Sprint3.Task6.V29.Test.csproj", "{EA3D8153-C3A2-4417-9B34-D0822105B52C}"
EndProject
Project("{2150E333-8FDC-42A3-9474-1A3956D46DE8}") = "Task7", "Task7", "{6368F219-61CB-43EC-8867-6EF28645BA3C}"
EndProject
Project("{FAE04EC0-301F-11D3-BF4B-00C04F79EFBC}") = "Tyuiu.VolovikovMV.Sprint3.Task7.V7", "Tyuiu.VolovikovMV.Sprint3.Task7.V7\Tyuiu.VolovikovMV.Sprint3.Task7.V7.csproj", "{8DAE1FFE-5789-403F-8C15-AE861E288736}"
EndProject
Project("{FAE04EC0-301F-11D3-BF4B-00C04F79EFBC}") = "Tyuiu.VolovikovMV.Sprint3.Task7.V7.Lib", "Tyuiu.VolovikovMV.Sprint3.Task7.V7.Lib\Tyuiu.VolovikovMV.Sprint3.Task7.V7.Lib.csproj", "{6849640B-459A-4F31-B112-E549835411BD}"
EndProject
Project("{FAE04EC0-301F-11D3-BF4B-00C04F79EFBC}") = "Tyuiu.VolovikovMV.Sprint3.Task7.V7.Test", "Tyuiu.VolovikovMV.Sprint3.Task7.V7.Test\Tyuiu.VolovikovMV.Sprint3.Task7.V7.Test.csproj", "{49E78098-F7BC-4DB9-85A1-84FA25E3DF0D}"
EndProject
Global
	GlobalSection(SolutionConfigurationPlatforms) = preSolution
		Debug|Any CPU = Debug|Any CPU
		Release|Any CPU = Release|Any CPU
	EndGlobalSection
	GlobalSection(ProjectConfigurationPlatforms) = postSolution
		{4792C143-0CAC-44A2-8E38-C63AD409DF93}.Debug|Any CPU.ActiveCfg = Debug|Any CPU
		{4792C143-0CAC-44A2-8E38-C63AD409DF93}.Debug|Any CPU.Build.0 = Debug|Any CPU
		{4792C143-0CAC-44A2-8E38-C63AD409DF93}.Release|Any CPU.ActiveCfg = Release|Any CPU
		{4792C143-0CAC-44A2-8E38-C63AD409DF93}.Release|Any CPU.Build.0 = Release|Any CPU
		{FCDA9382-DF2F-4A9C-9B4C-46CD056536C1}.Debug|Any CPU.ActiveCfg = Debug|Any CPU
		{FCDA9382-DF2F-4A9C-9B4C-46CD056536C1}.Debug|Any CPU.Build.0 = Debug|Any CPU
		{FCDA9382-DF2F-4A9C-9B4C-46CD056536C1}.Release|Any CPU.ActiveCfg = Release|Any CPU
		{FCDA9382-DF2F-4A9C-9B4C-46CD056536C1}.Release|Any CPU.Build.0 = Release|Any CPU
		{A6B42A86-FD8E-477D-A83A-D062D74E4BD9}.Debug|Any CPU.ActiveCfg = Debug|Any CPU
		{A6B42A86-FD8E-477D-A83A-D062D74E4BD9}.Debug|Any CPU.Build.0 = Debug|Any CPU
		{A6B42A86-FD8E-477D-A83A-D062D74E4BD9}.Release|Any CPU.ActiveCfg = Release|Any CPU
		{A6B42A86-FD8E-477D-A83A-D062D74E4BD9}.Release|Any CPU.Build.0 = Release|Any CPU
		{DEC90403-E3CF-4E21-99F4-B433FA50E9BD}.Debug|Any CPU.ActiveCfg = Debug|Any CPU
		{DEC90403-E3CF-4E21-99F4-B433FA50E9BD}.Debug|Any CPU.Build.0 = Debug|Any CPU
		{DEC90403-E3CF-4E21-99F4-B433FA50E9BD}.Release|Any CPU.ActiveCfg = Release|Any CPU
		{DEC90403-E3CF-4E21-99F4-B433FA50E9BD}.Release|Any CPU.Build.0 = Release|Any CPU
		{18B4E993-6FE8-4683-8DCE-11DDFB4C4C41}.Debug|Any CPU.ActiveCfg = Debug|Any CPU
		{18B4E993-6FE8-4683-8DCE-11DDFB4C4C41}.Debug|Any CPU.Build.0 = Debug|Any CPU
		{18B4E993-6FE8-4683-8DCE-11DDFB4C4C41}.Release|Any CPU.ActiveCfg = Release|Any CPU
		{18B4E993-6FE8-4683-8DCE-11DDFB4C4C41}.Release|Any CPU.Build.0 = Release|Any CPU
		{CA7E69FB-F153-44C7-87E9-11F6F051A9AC}.Debug|Any CPU.ActiveCfg = Debug|Any CPU
		{CA7E69FB-F153-44C7-87E9-11F6F051A9AC}.Debug|Any CPU.Build.0 = Debug|Any CPU
		{CA7E69FB-F153-44C7-87E9-11F6F051A9AC}.Release|Any CPU.ActiveCfg = Release|Any CPU
		{CA7E69FB-F153-44C7-87E9-11F6F051A9AC}.Release|Any CPU.Build.0 = Release|Any CPU
		{ACDF6C46-FA15-413C-B3A1-3DEAF37529BD}.Debug|Any CPU.ActiveCfg = Debug|Any CPU
		{ACDF6C46-FA15-413C-B3A1-3DEAF37529BD}.Debug|Any CPU.Build.0 = Debug|Any CPU
		{ACDF6C46-FA15-413C-B3A1-3DEAF37529BD}.Release|Any CPU.ActiveCfg = Release|Any CPU
		{ACDF6C46-FA15-413C-B3A1-3DEAF37529BD}.Release|Any CPU.Build.0 = Release|Any CPU
		{DFFB62B5-89B5-492D-9813-03EF7569D0A7}.Debug|Any CPU.ActiveCfg = Debug|Any CPU
		{DFFB62B5-89B5-492D-9813-03EF7569D0A7}.Debug|Any CPU.Build.0 = Debug|Any CPU
		{DFFB62B5-89B5-492D-9813-03EF7569D0A7}.Release|Any CPU.ActiveCfg = Release|Any CPU
		{DFFB62B5-89B5-492D-9813-03EF7569D0A7}.Release|Any CPU.Build.0 = Release|Any CPU
		{8D022C43-044F-4F84-B396-EFD5B800D74D}.Debug|Any CPU.ActiveCfg = Debug|Any CPU
		{8D022C43-044F-4F84-B396-EFD5B800D74D}.Debug|Any CPU.Build.0 = Debug|Any CPU
		{8D022C43-044F-4F84-B396-EFD5B800D74D}.Release|Any CPU.ActiveCfg = Release|Any CPU
		{8D022C43-044F-4F84-B396-EFD5B800D74D}.Release|Any CPU.Build.0 = Release|Any CPU
		{F1A93D87-1C6D-4472-8D03-3E3CB7D969EF}.Debug|Any CPU.ActiveCfg = Debug|Any CPU
		{F1A93D87-1C6D-4472-8D03-3E3CB7D969EF}.Debug|Any CPU.Build.0 = Debug|Any CPU
		{F1A93D87-1C6D-4472-8D03-3E3CB7D969EF}.Release|Any CPU.ActiveCfg = Release|Any CPU
		{F1A93D87-1C6D-4472-8D03-3E3CB7D969EF}.Release|Any CPU.Build.0 = Release|Any CPU
		{F36F7850-5F53-4630-BB7F-B4669FF9C3F4}.Debug|Any CPU.ActiveCfg = Debug|Any CPU
		{F36F7850-5F53-4630-BB7F-B4669FF9C3F4}.Debug|Any CPU.Build.0 = Debug|Any CPU
		{F36F7850-5F53-4630-BB7F-B4669FF9C3F4}.Release|Any CPU.ActiveCfg = Release|Any CPU
		{F36F7850-5F53-4630-BB7F-B4669FF9C3F4}.Release|Any CPU.Build.0 = Release|Any CPU
		{DBC0CA96-7BC9-4E57-BCEA-2DF35D0D72F5}.Debug|Any CPU.ActiveCfg = Debug|Any CPU
		{DBC0CA96-7BC9-4E57-BCEA-2DF35D0D72F5}.Debug|Any CPU.Build.0 = Debug|Any CPU
		{DBC0CA96-7BC9-4E57-BCEA-2DF35D0D72F5}.Release|Any CPU.ActiveCfg = Release|Any CPU
		{DBC0CA96-7BC9-4E57-BCEA-2DF35D0D72F5}.Release|Any CPU.Build.0 = Release|Any CPU
		{A0C36654-0BF0-47CB-99D5-99DB19052390}.Debug|Any CPU.ActiveCfg = Debug|Any CPU
		{A0C36654-0BF0-47CB-99D5-99DB19052390}.Debug|Any CPU.Build.0 = Debug|Any CPU
		{A0C36654-0BF0-47CB-99D5-99DB19052390}.Release|Any CPU.ActiveCfg = Release|Any CPU
		{A0C36654-0BF0-47CB-99D5-99DB19052390}.Release|Any CPU.Build.0 = Release|Any CPU
		{DF0B7726-2123-4C74-8213-E4F3DB6B03C4}.Debug|Any CPU.ActiveCfg = Debug|Any CPU
		{DF0B7726-2123-4C74-8213-E4F3DB6B03C4}.Debug|Any CPU.Build.0 = Debug|Any CPU
		{DF0B7726-2123-4C74-8213-E4F3DB6B03C4}.Release|Any CPU.ActiveCfg = Release|Any CPU
		{DF0B7726-2123-4C74-8213-E4F3DB6B03C4}.Release|Any CPU.Build.0 = Release|Any CPU
		{B89D2804-7236-4CA1-A338-5489749A3713}.Debug|Any CPU.ActiveCfg = Debug|Any CPU
		{B89D2804-7236-4CA1-A338-5489749A3713}.Debug|Any CPU.Build.0 = Debug|Any CPU
		{B89D2804-7236-4CA1-A338-5489749A3713}.Release|Any CPU.ActiveCfg = Release|Any CPU
		{B89D2804-7236-4CA1-A338-5489749A3713}.Release|Any CPU.Build.0 = Release|Any CPU
		{0E74C074-E854-4F36-A088-B1BA89FD35ED}.Debug|Any CPU.ActiveCfg = Debug|Any CPU
		{0E74C074-E854-4F36-A088-B1BA89FD35ED}.Debug|Any CPU.Build.0 = Debug|Any CPU
		{0E74C074-E854-4F36-A088-B1BA89FD35ED}.Release|Any CPU.ActiveCfg = Release|Any CPU
		{0E74C074-E854-4F36-A088-B1BA89FD35ED}.Release|Any CPU.Build.0 = Release|Any CPU
		{6E7F94E5-F8B4-45C5-AB5D-169B2608BB06}.Debug|Any CPU.ActiveCfg = Debug|Any CPU
		{6E7F94E5-F8B4-45C5-AB5D-169B2608BB06}.Debug|Any CPU.Build.0 = Debug|Any CPU
		{6E7F94E5-F8B4-45C5-AB5D-169B2608BB06}.Release|Any CPU.ActiveCfg = Release|Any CPU
		{6E7F94E5-F8B4-45C5-AB5D-169B2608BB06}.Release|Any CPU.Build.0 = Release|Any CPU
		{7FB9C724-7445-47DD-89A0-36F41F158B99}.Debug|Any CPU.ActiveCfg = Debug|Any CPU
		{7FB9C724-7445-47DD-89A0-36F41F158B99}.Debug|Any CPU.Build.0 = Debug|Any CPU
		{7FB9C724-7445-47DD-89A0-36F41F158B99}.Release|Any CPU.ActiveCfg = Release|Any CPU
		{7FB9C724-7445-47DD-89A0-36F41F158B99}.Release|Any CPU.Build.0 = Release|Any CPU
		{0A8CCFF6-0CEE-4CD3-A595-E2066996AF88}.Debug|Any CPU.ActiveCfg = Debug|Any CPU
		{0A8CCFF6-0CEE-4CD3-A595-E2066996AF88}.Debug|Any CPU.Build.0 = Debug|Any CPU
		{0A8CCFF6-0CEE-4CD3-A595-E2066996AF88}.Release|Any CPU.ActiveCfg = Release|Any CPU
		{0A8CCFF6-0CEE-4CD3-A595-E2066996AF88}.Release|Any CPU.Build.0 = Release|Any CPU
		{482E2AD2-859D-4642-B7F2-F074F4760959}.Debug|Any CPU.ActiveCfg = Debug|Any CPU
		{482E2AD2-859D-4642-B7F2-F074F4760959}.Debug|Any CPU.Build.0 = Debug|Any CPU
		{482E2AD2-859D-4642-B7F2-F074F4760959}.Release|Any CPU.ActiveCfg = Release|Any CPU
		{482E2AD2-859D-4642-B7F2-F074F4760959}.Release|Any CPU.Build.0 = Release|Any CPU
		{EA3D8153-C3A2-4417-9B34-D0822105B52C}.Debug|Any CPU.ActiveCfg = Debug|Any CPU
		{EA3D8153-C3A2-4417-9B34-D0822105B52C}.Debug|Any CPU.Build.0 = Debug|Any CPU
		{EA3D8153-C3A2-4417-9B34-D0822105B52C}.Release|Any CPU.ActiveCfg = Release|Any CPU
		{EA3D8153-C3A2-4417-9B34-D0822105B52C}.Release|Any CPU.Build.0 = Release|Any CPU
		{8DAE1FFE-5789-403F-8C15-AE861E288736}.Debug|Any CPU.ActiveCfg = Debug|Any CPU
		{8DAE1FFE-5789-403F-8C15-AE861E288736}.Debug|Any CPU.Build.0 = Debug|Any CPU
		{8DAE1FFE-5789-403F-8C15-AE861E288736}.Release|Any CPU.ActiveCfg = Release|Any CPU
		{8DAE1FFE-5789-403F-8C15-AE861E288736}.Release|Any CPU.Build.0 = Release|Any CPU
		{6849640B-459A-4F31-B112-E549835411BD}.Debug|Any CPU.ActiveCfg = Debug|Any CPU
		{6849640B-459A-4F31-B112-E549835411BD}.Debug|Any CPU.Build.0 = Debug|Any CPU
		{6849640B-459A-4F31-B112-E549835411BD}.Release|Any CPU.ActiveCfg = Release|Any CPU
		{6849640B-459A-4F31-B112-E549835411BD}.Release|Any CPU.Build.0 = Release|Any CPU
		{49E78098-F7BC-4DB9-85A1-84FA25E3DF0D}.Debug|Any CPU.ActiveCfg = Debug|Any CPU
		{49E78098-F7BC-4DB9-85A1-84FA25E3DF0D}.Debug|Any CPU.Build.0 = Debug|Any CPU
		{49E78098-F7BC-4DB9-85A1-84FA25E3DF0D}.Release|Any CPU.ActiveCfg = Release|Any CPU
		{49E78098-F7BC-4DB9-85A1-84FA25E3DF0D}.Release|Any CPU.Build.0 = Release|Any CPU
	EndGlobalSection
	GlobalSection(SolutionProperties) = preSolution
		HideSolutionNode = FALSE
	EndGlobalSection
	GlobalSection(NestedProjects) = preSolution
		{4792C143-0CAC-44A2-8E38-C63AD409DF93} = {D86F69FB-822C-4559-8A03-8036F2319F5D}
		{FCDA9382-DF2F-4A9C-9B4C-46CD056536C1} = {D86F69FB-822C-4559-8A03-8036F2319F5D}
		{A6B42A86-FD8E-477D-A83A-D062D74E4BD9} = {D86F69FB-822C-4559-8A03-8036F2319F5D}
		{DEC90403-E3CF-4E21-99F4-B433FA50E9BD} = {A1C176CD-A0BC-4975-A59D-A0DC00F48EA1}
		{18B4E993-6FE8-4683-8DCE-11DDFB4C4C41} = {A1C176CD-A0BC-4975-A59D-A0DC00F48EA1}
		{CA7E69FB-F153-44C7-87E9-11F6F051A9AC} = {A1C176CD-A0BC-4975-A59D-A0DC00F48EA1}
		{ACDF6C46-FA15-413C-B3A1-3DEAF37529BD} = {8A1B3F2C-C973-4B02-9ADA-E58E9C8B4C91}
		{DFFB62B5-89B5-492D-9813-03EF7569D0A7} = {8A1B3F2C-C973-4B02-9ADA-E58E9C8B4C91}
		{8D022C43-044F-4F84-B396-EFD5B800D74D} = {8A1B3F2C-C973-4B02-9ADA-E58E9C8B4C91}
		{F1A93D87-1C6D-4472-8D03-3E3CB7D969EF} = {22AB31F9-25D7-4691-9482-D4568A9E5D33}
		{F36F7850-5F53-4630-BB7F-B4669FF9C3F4} = {22AB31F9-25D7-4691-9482-D4568A9E5D33}
		{DBC0CA96-7BC9-4E57-BCEA-2DF35D0D72F5} = {22AB31F9-25D7-4691-9482-D4568A9E5D33}
		{A0C36654-0BF0-47CB-99D5-99DB19052390} = {4959C816-C0A7-4296-95BC-B0DAC1B718C1}
		{DF0B7726-2123-4C74-8213-E4F3DB6B03C4} = {4959C816-C0A7-4296-95BC-B0DAC1B718C1}
		{B89D2804-7236-4CA1-A338-5489749A3713} = {4959C816-C0A7-4296-95BC-B0DAC1B718C1}
		{0E74C074-E854-4F36-A088-B1BA89FD35ED} = {9651AF4D-1D3B-4E1A-A9ED-57397B8E9424}
		{6E7F94E5-F8B4-45C5-AB5D-169B2608BB06} = {9651AF4D-1D3B-4E1A-A9ED-57397B8E9424}
		{7FB9C724-7445-47DD-89A0-36F41F158B99} = {9651AF4D-1D3B-4E1A-A9ED-57397B8E9424}
		{0A8CCFF6-0CEE-4CD3-A595-E2066996AF88} = {D4F8AB5E-3122-4597-A6E6-2CC493077BA1}
		{482E2AD2-859D-4642-B7F2-F074F4760959} = {D4F8AB5E-3122-4597-A6E6-2CC493077BA1}
		{EA3D8153-C3A2-4417-9B34-D0822105B52C} = {D4F8AB5E-3122-4597-A6E6-2CC493077BA1}
		{8DAE1FFE-5789-403F-8C15-AE861E288736} = {6368F219-61CB-43EC-8867-6EF28645BA3C}
		{6849640B-459A-4F31-B112-E549835411BD} = {6368F219-61CB-43EC-8867-6EF28645BA3C}
		{49E78098-F7BC-4DB9-85A1-84FA25E3DF0D} = {6368F219-61CB-43EC-8867-6EF28645BA3C}
	EndGlobalSection
	GlobalSection(ExtensibilityGlobals) = postSolution
		SolutionGuid = {5CE77282-7222-47DB-992F-EFFAF4659F15}
	EndGlobalSection
EndGlobal
