
Microsoft Visual Studio Solution File, Format Version 12.00
# Visual Studio Version 16
VisualStudioVersion = 16.0.33927.289
MinimumVisualStudioVersion = 10.0.40219.1
Project("{FAE04EC0-301F-11D3-BF4B-00C04F79EFBC}") = "Tyuiu.VolovikovMV.Sprint3.Task0.V29", "Tyuiu.VolovikovMV.Sprint3.Task0.V29\Tyuiu.VolovikovMV.Sprint3.Task0.V29.csproj", "{4792C143-0CAC-44A2-8E38-C63AD409DF93}"
EndProject
Project("{FAE04EC0-301F-11D3-BF4B-00C04F79EFBC}") = "Tyuiu.VolovikovMV.Sprint3.Task0.V29.Lib", "Tyuiu.VolovikovMV.Sprint3.Task0.V29.Lib\Tyuiu.VolovikovMV.Sprint3.Task0.V29.Lib.csproj", "{FCDA9382-DF2F-4A9C-9B4C-46CD056536C1}"
EndProject
Project("{FAE04EC0-301F-11D3-BF4B-00C04F79EFBC}") = "Tyuiu.VolovikovMV.Sprint3.Task0.V29.Test", "Tyuiu.VolovikovMV.Sprint3.Task0.V29.Test\Tyuiu.VolovikovMV.Sprint3.Task0.V29.Test.csproj", "{A6B42A86-FD8E-477D-A83A-D062D74E4BD9}"
EndProject
Project("{2150E333-8FDC-42A3-9474-1A3956D46DE8}") = "Task0", "Task0", "{D86F69FB-822C-4559-8A03-8036F2319F5D}"
EndProject
Global
	GlobalSection(SolutionConfigurationPlatforms) = preSolution
		Debug|Any CPU = Debug|Any CPU
		Release|Any CPU = Release|Any CPU
	EndGlobalSection
	GlobalSection(ProjectConfigurationPlatforms) = postSolution
		{4792C143-0CAC-44A2-8E38-C63AD409DF93}.Debug|Any CPU.ActiveCfg = Debug|Any CPU
		{4792C143-0CAC-44A2-8E38-C63AD409DF93}.Debug|Any CPU.Build.0 = Debug|Any CPU
		{4792C143-0CAC-44A2-8E38-C63AD409DF93}.Release|Any CPU.ActiveCfg = Release|Any CPU
		{4792C143-0CAC-44A2-8E38-C63AD409DF93}.Release|Any CPU.Build.0 = Release|Any CPU
		{FCDA9382-DF2F-4A9C-9B4C-46CD056536C1}.Debug|Any CPU.ActiveCfg = Debug|Any CPU
		{FCDA9382-DF2F-4A9C-9B4C-46CD056536C1}.Debug|Any CPU.Build.0 = Debug|Any CPU
		{FCDA9382-DF2F-4A9C-9B4C-46CD056536C1}.Release|Any CPU.ActiveCfg = Release|Any CPU
		{FCDA9382-DF2F-4A9C-9B4C-46CD056536C1}.Release|Any CPU.Build.0 = Release|Any CPU
		{A6B42A86-FD8E-477D-A83A-D062D74E4BD9}.Debug|Any CPU.ActiveCfg = Debug|Any CPU
		{A6B42A86-FD8E-477D-A83A-D062D74E4BD9}.Debug|Any CPU.Build.0 = Debug|Any CPU
		{A6B42A86-FD8E-477D-A83A-D062D74E4BD9}.Release|Any CPU.ActiveCfg = Release|Any CPU
		{A6B42A86-FD8E-477D-A83A-D062D74E4BD9}.Release|Any CPU.Build.0 = Release|Any CPU
	EndGlobalSection
	GlobalSection(SolutionProperties) = preSolution
		HideSolutionNode = FALSE
	EndGlobalSection
	GlobalSection(NestedProjects) = preSolution
		{4792C143-0CAC-44A2-8E38-C63AD409DF93} = {D86F69FB-822C-4559-8A03-8036F2319F5D}
		{FCDA9382-DF2F-4A9C-9B4C-46CD056536C1} = {D86F69FB-822C-4559-8A03-8036F2319F5D}
		{A6B42A86-FD8E-477D-A83A-D062D74E4BD9} = {D86F69FB-822C-4559-8A03-8036F2319F5D}
	EndGlobalSection
	GlobalSection(ExtensibilityGlobals) = postSolution
		SolutionGuid = {5CE77282-7222-47DB-992F-EFFAF4659F15}
	EndGlobalSection
EndGlobal
